
Microsoft Visual Studio Solution File, Format Version 12.00
# Visual Studio Version 17
VisualStudioVersion = 17.13.35919.96 d17.13
MinimumVisualStudioVersion = 10.0.40219.1
Project("{FAE04EC0-301F-11D3-BF4B-00C04F79EFBC}") = "FoodOrderingAPI", "FoodOrderingAPI\FoodOrderingAPI.csproj", "{D0197C68-C51C-49C2-83C2-615264893F01}"
EndProject
Global
	GlobalSection(SolutionConfigurationPlatforms) = preSolution
		Debug|Any CPU = Debug|Any CPU
		Release|Any CPU = Release|Any CPU
	EndGlobalSection
	GlobalSection(ProjectConfigurationPlatforms) = postSolution
		{D0197C68-C51C-49C2-83C2-615264893F01}.Debug|Any CPU.ActiveCfg = Debug|Any CPU
		{D0197C68-C51C-49C2-83C2-615264893F01}.Debug|Any CPU.Build.0 = Debug|Any CPU
		{D0197C68-C51C-49C2-83C2-615264893F01}.Release|Any CPU.ActiveCfg = Release|Any CPU
		{D0197C68-C51C-49C2-83C2-615264893F01}.Release|Any CPU.Build.0 = Release|Any CPU
	EndGlobalSection
	GlobalSection(SolutionProperties) = preSolution
		HideSolutionNode = FALSE
	EndGlobalSection
	GlobalSection(ExtensibilityGlobals) = postSolution
		SolutionGuid = {2CBD77C9-E181-4FD5-8BFB-10769EE306B5}
	EndGlobalSection
EndGlobal
